lockfileVersion: '9.0'

settings:
  autoInstallPeers: true
  excludeLinksFromLockfile: false

importers:

  .:
    devDependencies:
      '@types/alpinejs':
        specifier: ^3.13.11
        version: 3.13.11
      '@types/alpinejs__persist':
        specifier: ^3.13.4
        version: 3.13.4

packages:

  '@types/alpinejs@3.13.11':
    resolution: {integrity: sha512-3KhGkDixCPiLdL3Z/ok1GxHwLxEWqQOKJccgaQL01wc0EVM2tCTaqlC3NIedmxAXkVzt/V6VTM8qPgnOHKJ1MA==}

  '@types/alpinejs__persist@3.13.4':
    resolution: {integrity: sha512-H+cW7294EV5fGmIGD3BCJme54//KyWxZcP4uI9pk6W7fECR5hEwdO7j7wogz0o4vapS/kXiXiAjuqC9F+W0Vpw==}

snapshots:

  '@types/alpinejs@3.13.11': {}

  '@types/alpinejs__persist@3.13.4':
    dependencies:
      '@types/alpinejs': 3.13.11
